{
    "_readme": [
        "This file locks the dependencies of your project to a known state",
        "Read more about it at https://getcomposer.org/doc/01-basic-usage.md#installing-dependencies",
        "This file is @generated automatically"
    ],
    "content-hash": "8c96632e8c64d7eb9b720498983491c5",
    "packages": [
        {
            "name": "effectconnect/php-sdk",
            "version": "3.2.10",
            "source": {
                "type": "git",
                "url": "https://github.com/EffectConnect/EffectConnectSDK.git",
                "reference": "3021de999ba7b1d01e740ef202df2f6f5f674fac"
            },
            "dist": {
                "type": "zip",
                "url": "https://api.github.com/repos/EffectConnect/EffectConnectSDK/zipball/3021de999ba7b1d01e740ef202df2f6f5f674fac",
                "reference": "3021de999ba7b1d01e740ef202df2f6f5f674fac",
                "shasum": ""
            },
            "require": {
                "php": ">=5.5"
            },
            "type": "library",
            "autoload": {
                "psr-4": {
                    "EffectConnect\\PHPSdk\\": "EffectConnectSDK/"
                }
            },
            "notification-url": "https://packagist.org/downloads/",
            "license": [
                "proprietary"
            ],
            "authors": [
                {
                    "name": "Stefan Van den Heuvel",
                    "email": "stefan@koekenpeer.nl",
                    "homepage": "https://www.effectconnect.com",
                    "role": "Lead Developer"
                }
            ],
            "description": "Our PHP SDK for basic API integration",
            "homepage": "https://www.effectconnect.com",
            "keywords": [
                "api",
                "effectconnect",
                "php",
                "sdk"
            ],
            "support": {
                "issues": "https://github.com/EffectConnect/EffectConnectSDK/issues",
                "source": "https://github.com/EffectConnect/EffectConnectSDK/tree/3.2.10"
            },
            "time": "2022-01-18T14:29:10+00:00"
        }
    ],
    "packages-dev": [],
    "aliases": [],
    "minimum-stability": "stable",
    "stability-flags": [],
    "prefer-stable": false,
    "prefer-lowest": false,
    "platform": [],
    "platform-dev": [],
    "plugin-api-version": "2.2.0"
}
